{
  "name": "chatgpt",
  "version": "1.0.0",
  "lockfileVersion": 2,
  "requires": true,
  "packages": {
    "": {
      "name": "chatgpt",
      "version": "1.0.0",
      "license": "ISC",
      "dependencies": {
        "text-decoding": "^1.0.0"
      }
    },
    "node_modules/text-decoding": {
      "version": "1.0.0",
      "resolved": "https://registry.npmjs.org/text-decoding/-/text-decoding-1.0.0.tgz",
      "integrity": "sha512-/0TJD42KDnVwKmDK6jj3xP7E2MG7SHAOG4tyTgyUCRPdHwvkquYNLEQltmdMa3owq3TkddCVcTsoctJI8VQNKA=="
    }
  },
  "dependencies": {
    "text-decoding": {
      "version": "1.0.0",
      "resolved": "https://registry.npmjs.org/text-decoding/-/text-decoding-1.0.0.tgz",
      "integrity": "sha512-/0TJD42KDnVwKmDK6jj3xP7E2MG7SHAOG4tyTgyUCRPdHwvkquYNLEQltmdMa3owq3TkddCVcTsoctJI8VQNKA=="
    }
  }
}
